<?xml version="1.0" encoding="utf-8"?>
<Project ToolsVersion="4.0" xmlns="http://schemas.microsoft.com/developer/msbuild/2003">
  <ItemGroup>
    <ClCompile Include="CmDxMain.cpp">
      <Filter>Source Files</Filter>
    </ClCompile>
    <ClCompile Include="DxCuda.cpp">
      <Filter>Source Files</Filter>
    </ClCompile>
    <ClCompile Include="StdAfx.cpp">
      <Filter>Source Files</Filter>
    </ClCompile>
  </ItemGroup>
  <ItemGroup>
    <CLInclude Include="resource.h">
      <Filter>Header Files</Filter>
    </CLInclude>
    <ClInclude Include="DxCuda.h">
      <Filter>Header Files</Filter>
    </ClInclude>
    <ClInclude Include="StdAfx.h">
      <Filter>Header Files</Filter>
    </ClInclude>
  </ItemGroup>
  <ItemGroup>
    <Filter Include="Header Files">
      <UniqueIdentifier>{54f2fdb4-9751-4472-b14c-5976d0e2f649}</UniqueIdentifier>
      <Extensions>h;hpp;hxx;hm;inl;inc;xsd</Extensions>
    </Filter>
    <Filter Include="Source Files">
      <UniqueIdentifier>{6b87adf1-3f1f-44dd-9737-f2002fd3a799}</UniqueIdentifier>
      <Extensions>cpp;c;cc;cxx;def;odl;idl;hpj;bat;asm;asmx</Extensions>
    </Filter>
    <Filter Include="Resource">
      <UniqueIdentifier>{ae773cc6-3a4a-4005-9d77-a6db2233d328}</UniqueIdentifier>
      <Extensions>rc;jpg;png;ico;</Extensions>
    </Filter>
    <Filter Include="GPU">
      <UniqueIdentifier>{af6df733-b9a1-46c3-884b-3436ac3bfbd4}</UniqueIdentifier>
      <Extensions>cu;hlsl;hlsli;</Extensions>
    </Filter>
  </ItemGroup>
  <ItemGroup>
    <ResourceCompile Include="CmDirectX.rc">
      <Filter>Resource</Filter>
    </ResourceCompile>
  </ItemGroup>
  <ItemGroup>
    <CudaCompile Include="Texture2D.cu">
      <Filter>GPU</Filter>
    </CudaCompile>
  </ItemGroup>
  <ItemGroup>
    <FxCompile Include="PixelShader.hlsl">
      <Filter>GPU</Filter>
    </FxCompile>
    <FxCompile Include="VertexShader.hlsl">
      <Filter>GPU</Filter>
    </FxCompile>
  </ItemGroup>
</Project>